<?xml version="1.0" encoding="utf-8"?>
<Project ToolsVersion="4.0" xmlns="http://schemas.microsoft.com/developer/msbuild/2003">
  <ItemGroup>
    <Filter Include="include">
      <UniqueIdentifier>{57CA55B8-BCC5-4000-CE3A-58972F82E9CB}</UniqueIdentifier>
    </Filter>
    <Filter Include="include\internal">
      <UniqueIdentifier>{1D4CEA7C-B637-77CF-7A24-85ABD36F82A8}</UniqueIdentifier>
    </Filter>
    <Filter Include="include\wrapper">
      <UniqueIdentifier>{6EC44E64-2A08-7BA1-DD52-37662FF8BB3A}</UniqueIdentifier>
    </Filter>
    <Filter Include="gateway">
      <UniqueIdentifier>{D274B8E6-49FB-E975-44BB-8C73F7EB86AD}</UniqueIdentifier>
    </Filter>
  </ItemGroup>
  <ItemGroup>
    <None Include="cefclient.gyp" />
    <ClInclude Include="include\cef_download_handler.h">
      <Filter>include</Filter>
    </ClInclude>
    <ClInclude Include="include\cef_request.h">
      <Filter>include</Filter>
    </ClInclude>
    <ClInclude Include="include\cef_resource_handler.h">
      <Filter>include</Filter>
    </ClInclude>
    <ClInclude Include="include\cef_response.h">
      <Filter>include</Filter>
    </ClInclude>
    <ClInclude Include="include\cef_dom.h">
      <Filter>include</Filter>
    </ClInclude>
    <ClInclude Include="include\cef_proxy_handler.h">
      <Filter>include</Filter>
    </ClInclude>
    <ClInclude Include="include\cef_cookie.h">
      <Filter>include</Filter>
    </ClInclude>
    <ClInclude Include="include\cef_request_handler.h">
      <Filter>include</Filter>
    </ClInclude>
    <ClInclude Include="include\cef_frame.h">
      <Filter>include</Filter>
    </ClInclude>
    <ClInclude Include="include\cef_command_line.h">
      <Filter>include</Filter>
    </ClInclude>
    <ClInclude Include="include\cef_app.h">
      <Filter>include</Filter>
    </ClInclude>
    <ClInclude Include="include\cef_life_span_handler.h">
      <Filter>include</Filter>
    </ClInclude>
    <ClInclude Include="include\cef_v8.h">
      <Filter>include</Filter>
    </ClInclude>
    <ClInclude Include="include\cef_download_item.h">
      <Filter>include</Filter>
    </ClInclude>
    <ClInclude Include="include\cef_scheme.h">
      <Filter>include</Filter>
    </ClInclude>
    <ClInclude Include="include\cef_xml_reader.h">
      <Filter>include</Filter>
    </ClInclude>
    <ClInclude Include="include\cef_process_message.h">
      <Filter>include</Filter>
    </ClInclude>
    <ClInclude Include="include\cef_base.h">
      <Filter>include</Filter>
    </ClInclude>
    <ClInclude Include="include\cef_zip_reader.h">
      <Filter>include</Filter>
    </ClInclude>
    <ClInclude Include="include\cef_runnable.h">
      <Filter>include</Filter>
    </ClInclude>
    <ClInclude Include="include\cef_pack_strings.h">
      <Filter>include</Filter>
    </ClInclude>
    <ClInclude Include="include\cef_keyboard_handler.h">
      <Filter>include</Filter>
    </ClInclude>
    <ClInclude Include="include\cef_context_menu_handler.h">
      <Filter>include</Filter>
    </ClInclude>
    <ClInclude Include="include\cef_geolocation_handler.h">
      <Filter>include</Filter>
    </ClInclude>
    <ClInclude Include="include\cef_menu_model.h">
      <Filter>include</Filter>
    </ClInclude>
    <ClInclude Include="include\cef_display_handler.h">
      <Filter>include</Filter>
    </ClInclude>
    <ClInclude Include="include\cef_pack_resources.h">
      <Filter>include</Filter>
    </ClInclude>
    <ClInclude Include="include\cef_stream.h">
      <Filter>include</Filter>
    </ClInclude>
    <ClInclude Include="include\cef_resource_bundle_handler.h">
      <Filter>include</Filter>
    </ClInclude>
    <ClInclude Include="include\cef_callback.h">
      <Filter>include</Filter>
    </ClInclude>
    <ClInclude Include="include\cef_values.h">
      <Filter>include</Filter>
    </ClInclude>
    <ClInclude Include="include\cef_string_visitor.h">
      <Filter>include</Filter>
    </ClInclude>
    <ClInclude Include="include\cef_web_plugin.h">
      <Filter>include</Filter>
    </ClInclude>
    <ClInclude Include="include\cef_url.h">
      <Filter>include</Filter>
    </ClInclude>
    <ClInclude Include="include\cef_browser.h">
      <Filter>include</Filter>
    </ClInclude>
    <ClInclude Include="include\cef_jsdialog_handler.h">
      <Filter>include</Filter>
    </ClInclude>
    <ClInclude Include="include\cef_client.h">
      <Filter>include</Filter>
    </ClInclude>
    <ClInclude Include="include\cef_task.h">
      <Filter>include</Filter>
    </ClInclude>
    <ClInclude Include="include\cef_load_handler.h">
      <Filter>include</Filter>
    </ClInclude>
    <ClInclude Include="include\cef_focus_handler.h">
      <Filter>include</Filter>
    </ClInclude>
    <ClInclude Include="include\cef_process_util.h">
      <Filter>include</Filter>
    </ClInclude>
    <ClInclude Include="include\cef_urlrequest.h">
      <Filter>include</Filter>
    </ClInclude>
    <ClInclude Include="include\cef_render_process_handler.h">
      <Filter>include</Filter>
    </ClInclude>
    <ClInclude Include="include\cef_origin_whitelist.h">
      <Filter>include</Filter>
    </ClInclude>
    <ClInclude Include="include\cef_version.h">
      <Filter>include</Filter>
    </ClInclude>
    <ClInclude Include="include\cef_path_util.h">
      <Filter>include</Filter>
    </ClInclude>
    <ClInclude Include="include\cef_browser_process_handler.h">
      <Filter>include</Filter>
    </ClInclude>
    <ClInclude Include="include\internal\cef_string_list.h">
      <Filter>include\internal</Filter>
    </ClInclude>
    <ClInclude Include="include\internal\cef_time.h">
      <Filter>include\internal</Filter>
    </ClInclude>
    <ClInclude Include="include\internal\cef_ptr.h">
      <Filter>include\internal</Filter>
    </ClInclude>
    <ClInclude Include="include\internal\cef_string_multimap.h">
      <Filter>include\internal</Filter>
    </ClInclude>
    <ClInclude Include="include\internal\cef_string_map.h">
      <Filter>include\internal</Filter>
    </ClInclude>
    <ClInclude Include="include\internal\cef_export.h">
      <Filter>include\internal</Filter>
    </ClInclude>
    <ClInclude Include="include\internal\cef_win.h">
      <Filter>include\internal</Filter>
    </ClInclude>
    <ClInclude Include="include\internal\cef_string_types.h">
      <Filter>include\internal</Filter>
    </ClInclude>
    <ClInclude Include="include\internal\cef_types_wrappers.h">
      <Filter>include\internal</Filter>
    </ClInclude>
    <ClInclude Include="include\internal\cef_types_win.h">
      <Filter>include\internal</Filter>
    </ClInclude>
    <ClInclude Include="include\internal\cef_string.h">
      <Filter>include\internal</Filter>
    </ClInclude>
    <ClInclude Include="include\internal\cef_types.h">
      <Filter>include\internal</Filter>
    </ClInclude>
    <ClInclude Include="include\internal\cef_tuple.h">
      <Filter>include\internal</Filter>
    </ClInclude>
    <ClInclude Include="include\internal\cef_build.h">
      <Filter>include\internal</Filter>
    </ClInclude>
    <ClInclude Include="include\internal\cef_string_wrappers.h">
      <Filter>include\internal</Filter>
    </ClInclude>
    <ClInclude Include="include\wrapper\cef_byte_read_handler.h">
      <Filter>include\wrapper</Filter>
    </ClInclude>
    <ClInclude Include="include\wrapper\cef_xml_object.h">
      <Filter>include\wrapper</Filter>
    </ClInclude>
    <ClInclude Include="include\wrapper\cef_zip_archive.h">
      <Filter>include\wrapper</Filter>
    </ClInclude>
    <ClInclude Include="include\wrapper\cef_stream_resource_handler.h">
      <Filter>include\wrapper</Filter>
    </ClInclude>
    <ClInclude Include="gateway\binding_test.h">
      <Filter>gateway</Filter>
    </ClInclude>
    <ClInclude Include="gateway\cefclient.h">
      <Filter>gateway</Filter>
    </ClInclude>
    <ClCompile Include="gateway\cefclient_win.cpp">
      <Filter>gateway</Filter>
    </ClCompile>
    <ClInclude Include="gateway\string_util.h">
      <Filter>gateway</Filter>
    </ClInclude>
    <ClInclude Include="gateway\resource.h">
      <Filter>gateway</Filter>
    </ClInclude>
    <ClInclude Include="gateway\client_handler.h">
      <Filter>gateway</Filter>
    </ClInclude>
    <ClInclude Include="gateway\client_switches.h">
      <Filter>gateway</Filter>
    </ClInclude>
    <ClInclude Include="gateway\dom_test.h">
      <Filter>gateway</Filter>
    </ClInclude>
    <ClInclude Include="gateway\util.h">
      <Filter>gateway</Filter>
    </ClInclude>
    <ResourceCompile Include="gateway\cefclient.rc">
      <Filter>gateway</Filter>
    </ResourceCompile>
    <ClCompile Include="gateway\string_util.cpp">
      <Filter>gateway</Filter>
    </ClCompile>
    <ClCompile Include="gateway\client_switches.cpp">
      <Filter>gateway</Filter>
    </ClCompile>
    <ClCompile Include="gateway\client_handler.cpp">
      <Filter>gateway</Filter>
    </ClCompile>
    <ClCompile Include="gateway\cefclient.cpp">
      <Filter>gateway</Filter>
    </ClCompile>
    <ClInclude Include="gateway\scheme_test.h">
      <Filter>gateway</Filter>
    </ClInclude>
    <ClCompile Include="gateway\client_app_delegates.cpp">
      <Filter>gateway</Filter>
    </ClCompile>
    <ClCompile Include="gateway\dom_test.cpp">
      <Filter>gateway</Filter>
    </ClCompile>
    <ClCompile Include="gateway\client_renderer.cpp">
      <Filter>gateway</Filter>
    </ClCompile>
    <ClCompile Include="gateway\scheme_test.cpp">
      <Filter>gateway</Filter>
    </ClCompile>
    <ClInclude Include="gateway\client_app.h">
      <Filter>gateway</Filter>
    </ClInclude>
    <ClCompile Include="gateway\resource_util_win.cpp">
      <Filter>gateway</Filter>
    </ClCompile>
    <ClCompile Include="gateway\client_handler_win.cpp">
      <Filter>gateway</Filter>
    </ClCompile>
    <ClInclude Include="gateway\client_renderer.h">
      <Filter>gateway</Filter>
    </ClInclude>
    <ClCompile Include="gateway\client_app.cpp">
      <Filter>gateway</Filter>
    </ClCompile>
    <ClInclude Include="gateway\resource_util.h">
      <Filter>gateway</Filter>
    </ClInclude>
    <ClCompile Include="gateway\binding_test.cpp">
      <Filter>gateway</Filter>
    </ClCompile>
    <None Include="gateway\res\cefclient.ico" />
    <None Include="gateway\res\domaccess.html" />
    <None Include="gateway\res\binding.html" />
    <None Include="gateway\res\logo.png" />
    <None Include="gateway\res\logoball.png" />
    <None Include="gateway\res\localstorage.html" />
    <None Include="gateway\res\xmlhttprequest.html" />
    <None Include="gateway\res\small.ico" />
    <None Include="gateway\res\dialogs.html" />
  </ItemGroup>
</Project>